// !$*UTF8*$!
{
	archiveVersion = 1;
	classes = {
	};
	objectVersion = 46;
	objects = {

/* Begin PBXBuildFile section */
		37C1B02B16533019006D3590 /* main.cpp in Sources */ = {isa = PBXBuildFile; fileRef = 37C1B02A16533019006D3590 /* main.cpp */; };
		37C1B03516533056006D3590 /* rabbit.cpp in Sources */ = {isa = PBXBuildFile; fileRef = 37C1B03316533056006D3590 /* rabbit.cpp */; };
		37C1B0381653306C006D3590 /* wolf.cpp in Sources */ = {isa = PBXBuildFile; fileRef = 37C1B0361653306C006D3590 /* wolf.cpp */; };
		37C1B03B1653307A006D3590 /* terminal.cpp in Sources */ = {isa = PBXBuildFile; fileRef = 37C1B0391653307A006D3590 /* terminal.cpp */; };
		37C1B03D16533098006D3590 /* term.c in Sources */ = {isa = PBXBuildFile; fileRef = 37C1B03C16533098006D3590 /* term.c */; };
		37C1B040165330DB006D3590 /* libcurses.dylib in Frameworks */ = {isa = PBXBuildFile; fileRef = 37C1B03F165330DB006D3590 /* libcurses.dylib */; };
/* End PBXBuildFile section */

/* Begin PBXCopyFilesBuildPhase section */
		37C1B02416533019006D3590 /* CopyFiles */ = {
			isa = PBXCopyFilesBuildPhase;
			buildActionMask = 2147483647;
			dstPath = /usr/share/man/man1/;
			dstSubfolderSpec = 0;
			files = (
			);
			runOnlyForDeploymentPostprocessing = 1;
		};
/* End PBXCopyFilesBuildPhase section */

/* Begin PBXFileReference section */
		37C1B02616533019006D3590 /* RabbitGame */ = {isa = PBXFileReference; explicitFileType = "compiled.mach-o.executable"; includeInIndex = 0; path = RabbitGame; sourceTree = BUILT_PRODUCTS_DIR; };
		37C1B02A16533019006D3590 /* main.cpp */ = {isa = PBXFileReference; lastKnownFileType = sourcecode.cpp.cpp; path = main.cpp; sourceTree = "<group>"; };
		37C1B03316533056006D3590 /* rabbit.cpp */ = {isa = PBXFileReference; fileEncoding = 4; lastKnownFileType = sourcecode.cpp.cpp; path = rabbit.cpp; sourceTree = "<group>"; };
		37C1B03416533056006D3590 /* rabbit.h */ = {isa = PBXFileReference; fileEncoding = 4; lastKnownFileType = sourcecode.c.h; path = rabbit.h; sourceTree = "<group>"; };
		37C1B0361653306C006D3590 /* wolf.cpp */ = {isa = PBXFileReference; fileEncoding = 4; lastKnownFileType = sourcecode.cpp.cpp; path = wolf.cpp; sourceTree = "<group>"; };
		37C1B0371653306C006D3590 /* wolf.h */ = {isa = PBXFileReference; fileEncoding = 4; lastKnownFileType = sourcecode.c.h; path = wolf.h; sourceTree = "<group>"; };
		37C1B0391653307A006D3590 /* terminal.cpp */ = {isa = PBXFileReference; fileEncoding = 4; lastKnownFileType = sourcecode.cpp.cpp; path = terminal.cpp; sourceTree = "<group>"; };
		37C1B03A1653307A006D3590 /* terminal.h */ = {isa = PBXFileReference; fileEncoding = 4; lastKnownFileType = sourcecode.c.h; path = terminal.h; sourceTree = "<group>"; };
		37C1B03C16533098006D3590 /* term.c */ = {isa = PBXFileReference; fileEncoding = 4; lastKnownFileType = sourcecode.c.c; path = term.c; sourceTree = "<group>"; };
		37C1B03E165330A3006D3590 /* term.h */ = {isa = PBXFileReference; lastKnownFileType = sourcecode.c.h; path = term.h; sourceTree = "<group>"; };
		37C1B03F165330DB006D3590 /* libcurses.dylib */ = {isa = PBXFileReference; lastKnownFileType = "compiled.mach-o.dylib"; name = libcurses.dylib; path = usr/lib/libcurses.dylib; sourceTree = SDKROOT; };
/* End PBXFileReference section */

/* Begin PBXFrameworksBuildPhase section */
		37C1B02316533019006D3590 /* Frameworks */ = {
			isa = PBXFrameworksBuildPhase;
			buildActionMask = 2147483647;
			files = (
				37C1B040165330DB006D3590 /* libcurses.dylib in Frameworks */,
			);
			runOnlyForDeploymentPostprocessing = 0;
		};
/* End PBXFrameworksBuildPhase section */

/* Begin PBXGroup section */
		37C1B01B16533019006D3590 = {
			isa = PBXGroup;
			children = (
				37C1B03F165330DB006D3590 /* libcurses.dylib */,
				37C1B02916533019006D3590 /* RabbitGame */,
				37C1B02716533019006D3590 /* Products */,
			);
			sourceTree = "<group>";
		};
		37C1B02716533019006D3590 /* Products */ = {
			isa = PBXGroup;
			children = (
				37C1B02616533019006D3590 /* RabbitGame */,
			);
			name = Products;
			sourceTree = "<group>";
		};
		37C1B02916533019006D3590 /* RabbitGame */ = {
			isa = PBXGroup;
			children = (
				37C1B02A16533019006D3590 /* main.cpp */,
				37C1B03316533056006D3590 /* rabbit.cpp */,
				37C1B03416533056006D3590 /* rabbit.h */,
				37C1B0361653306C006D3590 /* wolf.cpp */,
				37C1B0371653306C006D3590 /* wolf.h */,
				37C1B0391653307A006D3590 /* terminal.cpp */,
				37C1B03A1653307A006D3590 /* terminal.h */,
				37C1B03C16533098006D3590 /* term.c */,
				37C1B03E165330A3006D3590 /* term.h */,
			);
			path = RabbitGame;
			sourceTree = "<group>";
		};
/* End PBXGroup section */

/* Begin PBXNativeTarget section */
		37C1B02516533019006D3590 /* RabbitGame */ = {
			isa = PBXNativeTarget;
			buildConfigurationList = 37C1B03016533019006D3590 /* Build configuration list for PBXNativeTarget "RabbitGame" */;
			buildPhases = (
				37C1B02216533019006D3590 /* Sources */,
				37C1B02316533019006D3590 /* Frameworks */,
				37C1B02416533019006D3590 /* CopyFiles */,
			);
			buildRules = (
			);
			dependencies = (
			);
			name = RabbitGame;
			productName = RabbitGame;
			productReference = 37C1B02616533019006D3590 /* RabbitGame */;
			productType = "com.apple.product-type.tool";
		};
/* End PBXNativeTarget section */

/* Begin PBXProject section */
		37C1B01D16533019006D3590 /* Project object */ = {
			isa = PBXProject;
			attributes = {
				LastUpgradeCheck = 0450;
				ORGANIZATIONNAME = "Daniel Walsh";
			};
			buildConfigurationList = 37C1B02016533019006D3590 /* Build configuration list for PBXProject "RabbitGame" */;
			compatibilityVersion = "Xcode 3.2";
			developmentRegion = English;
			hasScannedForEncodings = 0;
			knownRegions = (
				en,
			);
			mainGroup = 37C1B01B16533019006D3590;
			productRefGroup = 37C1B02716533019006D3590 /* Products */;
			projectDirPath = "";
			projectRoot = "";
			targets = (
				37C1B02516533019006D3590 /* RabbitGame */,
			);
		};
/* End PBXProject section */

/* Begin PBXSourcesBuildPhase section */
		37C1B02216533019006D3590 /* Sources */ = {
			isa = PBXSourcesBuildPhase;
			buildActionMask = 2147483647;
			files = (
				37C1B02B16533019006D3590 /* main.cpp in Sources */,
				37C1B03516533056006D3590 /* rabbit.cpp in Sources */,
				37C1B0381653306C006D3590 /* wolf.cpp in Sources */,
				37C1B03B1653307A006D3590 /* terminal.cpp in Sources */,
				37C1B03D16533098006D3590 /* term.c in Sources */,
			);
			runOnlyForDeploymentPostprocessing = 0;
		};
/* End PBXSourcesBuildPhase section */

/* Begin XCBuildConfiguration section */
		37C1B02E16533019006D3590 /* Debug */ = {
			isa = XCBuildConfiguration;
			buildSettings = {
				ALWAYS_SEARCH_USER_PATHS = NO;
				ARCHS = "$(ARCHS_STANDARD_64_BIT)";
				CLANG_CXX_LANGUAGE_STANDARD = "gnu++0x";
				CLANG_CXX_LIBRARY = "libc++";
				CLANG_WARN_EMPTY_BODY = YES;
				CLANG_WARN__DUPLICATE_METHOD_MATCH = YES;
				COPY_PHASE_STRIP = NO;
				GCC_C_LANGUAGE_STANDARD = gnu99;
				GCC_DYNAMIC_NO_PIC = NO;
				GCC_ENABLE_OBJC_EXCEPTIONS = YES;
				GCC_OPTIMIZATION_LEVEL = 0;
				GCC_PREPROCESSOR_DEFINITIONS = (
					"DEBUG=1",
					"$(inherited)",
				);
				GCC_SYMBOLS_PRIVATE_EXTERN = NO;
				GCC_WARN_64_TO_32_BIT_CONVERSION = YES;
				GCC_WARN_ABOUT_RETURN_TYPE = YES;
				GCC_WARN_UNINITIALIZED_AUTOS = YES;
				GCC_WARN_UNUSED_VARIABLE = YES;
				MACOSX_DEPLOYMENT_TARGET = 10.8;
				ONLY_ACTIVE_ARCH = YES;
				SDKROOT = macosx;
			};
			name = Debug;
		};
		37C1B02F16533019006D3590 /* Release */ = {
			isa = XCBuildConfiguration;
			buildSettings = {
				ALWAYS_SEARCH_USER_PATHS = NO;
				ARCHS = "$(ARCHS_STANDARD_64_BIT)";
				CLANG_CXX_LANGUAGE_STANDARD = "gnu++0x";
				CLANG_CXX_LIBRARY = "libc++";
				CLANG_WARN_EMPTY_BODY = YES;
				CLANG_WARN__DUPLICATE_METHOD_MATCH = YES;
				COPY_PHASE_STRIP = YES;
				DEBUG_INFORMATION_FORMAT = "dwarf-with-dsym";
				GCC_C_LANGUAGE_STANDARD = gnu99;
				GCC_ENABLE_OBJC_EXCEPTIONS = YES;
				GCC_WARN_64_TO_32_BIT_CONVERSION = YES;
				GCC_WARN_ABOUT_RETURN_TYPE = YES;
				GCC_WARN_UNINITIALIZED_AUTOS = YES;
				GCC_WARN_UNUSED_VARIABLE = YES;
				MACOSX_DEPLOYMENT_TARGET = 10.8;
				SDKROOT = macosx;
			};
			name = Release;
		};
		37C1B03116533019006D3590 /* Debug */ = {
			isa = XCBuildConfiguration;
			buildSettings = {
				PRODUCT_NAME = "$(TARGET_NAME)";
			};
			name = Debug;
		};
		37C1B03216533019006D3590 /* Release */ = {
			isa = XCBuildConfiguration;
			buildSettings = {
				PRODUCT_NAME = "$(TARGET_NAME)";
			};
			name = Release;
		};
/* End XCBuildConfiguration section */

/* Begin XCConfigurationList section */
		37C1B02016533019006D3590 /* Build configuration list for PBXProject "RabbitGame" */ = {
			isa = XCConfigurationList;
			buildConfigurations = (
				37C1B02E16533019006D3590 /* Debug */,
				37C1B02F16533019006D3590 /* Release */,
			);
			defaultConfigurationIsVisible = 0;
			defaultConfigurationName = Release;
		};
		37C1B03016533019006D3590 /* Build configuration list for PBXNativeTarget "RabbitGame" */ = {
			isa = XCConfigurationList;
			buildConfigurations = (
				37C1B03116533019006D3590 /* Debug */,
				37C1B03216533019006D3590 /* Release */,
			);
			defaultConfigurationIsVisible = 0;
			defaultConfigurationName = Release;
		};
/* End XCConfigurationList section */
	};
	rootObject = 37C1B01D16533019006D3590 /* Project object */;
}
